
Microsoft Visual Studio Solution File, Format Version 12.00
# Visual Studio Version 17
VisualStudioVersion = 17.3.32922.545
MinimumVisualStudioVersion = 10.0.40219.1
Project("{9A19103F-16F7-4668-BE54-9A1E7A4F7556}") = "Commodities.WebApi", "CommoditiesUpdate.WebApi\Commodities.WebApi.csproj", "{36D7E4CF-3089-4D2F-8EF1-2A2192517E07}"
EndProject
Global
	GlobalSection(SolutionConfigurationPlatforms) = preSolution
		Debug|Any CPU = Debug|Any CPU
		Release|Any CPU = Release|Any CPU
	EndGlobalSection
	GlobalSection(ProjectConfigurationPlatforms) = postSolution
		{36D7E4CF-3089-4D2F-8EF1-2A2192517E07}.Debug|Any CPU.ActiveCfg = Debug|Any CPU
		{36D7E4CF-3089-4D2F-8EF1-2A2192517E07}.Debug|Any CPU.Build.0 = Debug|Any CPU
		{36D7E4CF-3089-4D2F-8EF1-2A2192517E07}.Release|Any CPU.ActiveCfg = Release|Any CPU
		{36D7E4CF-3089-4D2F-8EF1-2A2192517E07}.Release|Any CPU.Build.0 = Release|Any CPU
	EndGlobalSection
	GlobalSection(SolutionProperties) = preSolution
		HideSolutionNode = FALSE
	EndGlobalSection
	GlobalSection(ExtensibilityGlobals) = postSolution
		SolutionGuid = {A925A288-B844-442D-AC4B-4481975417C2}
	EndGlobalSection
EndGlobal
